github.com/cilium/ebpf v0.6.3-0.20210908112439-54eeaaca78c6 h1:m3v1ajcMru78X/KBQO3lwXiRL5ks6kKckeIrUxba+VE=
github.com/cilium/ebpf v0.6.3-0.20210908112439-54eeaaca78c6/go.mod h1:/oI2+1shJiTGAMgl6/RgJr36Eo1jzrRcAWbcXO2usCA=
github.com/cilium/ebpf v0.6.3-0.20211001093841-41f3f37fcc9c h1:LrVaoI3beWc60R6ylMrBc1qVuuQko+dKgGhe/IAK1p8=
github.com/cilium/ebpf v0.6.3-0.20211001093841-41f3f37fcc9c/go.mod h1:/oI2+1shJiTGAMgl6/RgJr36Eo1jzrRcAWbcXO2usCA=
github.com/frankban/quicktest v1.11.3 h1:8sXhOn0uLys67V8EsXLc6eszDs8VXWxL3iRvebPhedY=
github.com/frankban/quicktest v1.11.3/go.mod h1:wRf/ReqHper53s+kmmSZizM8NamnL3IM0I9ntUbOk+k=
github.com/google/go-cmp v0.5.4 h1:L8R9j+yAqZuZjsqh/z+F1NCffTKKLShY6zXTItVIZ8M=
github.com/google/go-cmp v0.5.4/go.mod h1:v8dTdLbMG2kIc/vJvl+f65V22dbkXbowE6jgT/gNBxE=
github.com/kr/pretty v0.2.1 h1:Fmg33tUaq4/8ym9TJN1x7sLJnHVwhP33CNkpYV/7rwI=
github.com/kr/pretty v0.2.1/go.mod h1:ipq/a2n7PKx3OHsz4KJII5eveXtPO4qwEXGdVfWzfnI=
github.com/kr/pty v1.1.1/go.mod h1:pFQYn66WHrOpPYNljwOMqo10TkYh1fy3cYio2l3bCsQ=
github.com/kr/text v0.1.0 h1:45sCR5RtlFHMR4UwH9sdQ5TC8v0qDQCHnXt+kaKSTVE=
github.com/kr/text v0.1.0/go.mod h1:4Jbv+DJW3UT/LiOwJeYQe1efqtUx/iVham/4vfdArNI=
golang.org/x/sys v0.0.0-20210906170528-6f6e22806c34/go.mod h1:oPkhp1MJrh7nUepCBck5+mAzfO9JrbApNNgaTdGDITg=
golang.org/x/sys v0.0.0-20210908143011-c212e7322662 h1:2+M7sCYQcvlpag1ug05BCZa5B9jbazrHdgsOdwqlfE8=
golang.org/x/sys v0.0.0-20210908143011-c212e7322662/go.mod h1:oPkhp1MJrh7nUepCBck5+mAzfO9JrbApNNgaTdGDITg=
golang.org/x/sys v0.0.0-20211001092434-39dca1131b70 h1:pGleJoyD1yA5HfvuaksHxD0404gsEkNDerKsQ0N0y1s=
golang.org/x/sys v0.0.0-20211001092434-39dca1131b70/go.mod h1:oPkhp1MJrh7nUepCBck5+mAzfO9JrbApNNgaTdGDITg=
golang.org/x/xerrors v0.0.0-20191204190536-9bdfabe68543 h1:E7g+9GITq07hpfrRu66IVDexMakfv52eLZ2CXBWiKr4=
golang.org/x/xerrors v0.0.0-20191204190536-9bdfabe68543/go.mod h1:I/5z698sn9Ka8TeJc9MKroUUfqBBauWjQqLJ2OPfmY0=
